
Microsoft Visual Studio Solution File, Format Version 12.00
# Visual Studio Version 17
VisualStudioVersion = 17.10.34916.146
MinimumVisualStudioVersion = 10.0.40219.1
Project("{FAE04EC0-301F-11D3-BF4B-00C04F79EFBC}") = "Wpf.MusikPlayer", "Wpf.MusikPlayer\Wpf.MusikPlayer.csproj", "{84C5ADE9-FE26-4E3A-A801-F60313485B97}"
EndProject
Global
	GlobalSection(SolutionConfigurationPlatforms) = preSolution
		Debug|Any CPU = Debug|Any CPU
		Release|Any CPU = Release|Any CPU
	EndGlobalSection
	GlobalSection(ProjectConfigurationPlatforms) = postSolution
		{84C5ADE9-FE26-4E3A-A801-F60313485B97}.Debug|Any CPU.ActiveCfg = Debug|Any CPU
		{84C5ADE9-FE26-4E3A-A801-F60313485B97}.Debug|Any CPU.Build.0 = Debug|Any CPU
		{84C5ADE9-FE26-4E3A-A801-F60313485B97}.Release|Any CPU.ActiveCfg = Release|Any CPU
		{84C5ADE9-FE26-4E3A-A801-F60313485B97}.Release|Any CPU.Build.0 = Release|Any CPU
	EndGlobalSection
	GlobalSection(SolutionProperties) = preSolution
		HideSolutionNode = FALSE
	EndGlobalSection
	GlobalSection(ExtensibilityGlobals) = postSolution
		SolutionGuid = {6E406D91-7102-4002-B282-DD93F155AC76}
	EndGlobalSection
EndGlobal
